<Solution>
  <Folder Name="/Solution Items/">
    <File Path=".editorconfig" />
  </Folder>
  <Project Path="src/BlueBird.Json.TypeAlias.Tests/BlueBird.Json.TypeAlias.Tests.csproj" />
  <Project Path="src/BlueBird.Json.TypeAlias/BlueBird.Json.TypeAlias.csproj" />
  <Project Path="src/BlueBird.Pinyins.Tests/BlueBird.Pinyins.Tests.csproj" />
  <Project Path="src/BlueBird.Pinyins/BlueBird.Pinyins.csproj" />
</Solution>
